// !$*UTF8*$!
{
	archiveVersion = 1;
	classes = {
	};
	objectVersion = 50;
	objects = {

/* Begin PBXBuildFile section */
		520645CF256871DC00EB5AFE /* AppDelegate.swift in Sources */ = {isa = PBXBuildFile; fileRef = 520645CE256871DC00EB5AFE /* AppDelegate.swift */; };
		520645D1256871DC00EB5AFE /* SceneDelegate.swift in Sources */ = {isa = PBXBuildFile; fileRef = 520645D0256871DC00EB5AFE /* SceneDelegate.swift */; };
		520645D3256871DC00EB5AFE /* ViewController.swift in Sources */ = {isa = PBXBuildFile; fileRef = 520645D2256871DC00EB5AFE /* ViewController.swift */; };
		520645D6256871DC00EB5AFE /* Main.storyboard in Resources */ = {isa = PBXBuildFile; fileRef = 520645D4256871DC00EB5AFE /* Main.storyboard */; };
		520645DB256871DE00EB5AFE /* LaunchScreen.storyboard in Resources */ = {isa = PBXBuildFile; fileRef = 520645D9256871DE00EB5AFE /* LaunchScreen.storyboard */; };
		5226E40C25DA0E0A002102AE /* Assets.xcassets in Resources */ = {isa = PBXBuildFile; fileRef = 520645D7256871DE00EB5AFE /* Assets.xcassets */; };
		5241977025DF8A8200A37852 /* Set+CoreDataClass.swift in Sources */ = {isa = PBXBuildFile; fileRef = 5241976E25DF8A8200A37852 /* Set+CoreDataClass.swift */; };
		525DAE71256EF14E006C3751 /* LinkedList.swift in Sources */ = {isa = PBXBuildFile; fileRef = 525DAE70256EF14E006C3751 /* LinkedList.swift */; };
		5260FECE25DCECBE0037BEFC /* Flashcard+CoreDataClass.swift in Sources */ = {isa = PBXBuildFile; fileRef = 5260FECC25DCECBE0037BEFC /* Flashcard+CoreDataClass.swift */; };
		527F0410256E1BF6002AF200 /* FlashcardBrain.swift in Sources */ = {isa = PBXBuildFile; fileRef = 527F040F256E1BF6002AF200 /* FlashcardBrain.swift */; };
		52A3E16825C393530099CFEC /* flashcardGestureControls.swift in Sources */ = {isa = PBXBuildFile; fileRef = 52A3E16725C393530099CFEC /* flashcardGestureControls.swift */; };
		52A3E16B25C398BD0099CFEC /* updateFlashcardViews.swift in Sources */ = {isa = PBXBuildFile; fileRef = 52A3E16A25C398BD0099CFEC /* updateFlashcardViews.swift */; };
		52C3C69F25B8FD4700AB29DA /* CreateFlashcardController.swift in Sources */ = {isa = PBXBuildFile; fileRef = 52C3C69E25B8FD4700AB29DA /* CreateFlashcardController.swift */; };
		52C3C6A525BBFC6100AB29DA /* Flashcards.xcdatamodeld in Sources */ = {isa = PBXBuildFile; fileRef = 52C3C6A325BBFC6100AB29DA /* Flashcards.xcdatamodeld */; };
		52C3C6ED25BCB26300AB29DA /* Lora-Regular.ttf in Resources */ = {isa = PBXBuildFile; fileRef = 52C3C6EC25BCB25C00AB29DA /* Lora-Regular.ttf */; };
		52C3C6F425BCCC4E00AB29DA /* CATransition.swift in Sources */ = {isa = PBXBuildFile; fileRef = 52C3C6F325BCCC4E00AB29DA /* CATransition.swift */; };
		52C3C6FA25BD3E6A00AB29DA /* UILabel.swift in Sources */ = {isa = PBXBuildFile; fileRef = 52C3C6F925BD3E6A00AB29DA /* UILabel.swift */; };
/* End PBXBuildFile section */

/* Begin PBXFileReference section */
		520645CB256871DB00EB5AFE /* Refine.app */ = {isa = PBXFileReference; explicitFileType = wrapper.application; includeInIndex = 0; path = Refine.app; sourceTree = BUILT_PRODUCTS_DIR; };
		520645CE256871DC00EB5AFE /* AppDelegate.swift */ = {isa = PBXFileReference; lastKnownFileType = sourcecode.swift; path = AppDelegate.swift; sourceTree = "<group>"; };
		520645D0256871DC00EB5AFE /* SceneDelegate.swift */ = {isa = PBXFileReference; lastKnownFileType = sourcecode.swift; path = SceneDelegate.swift; sourceTree = "<group>"; };
		520645D2256871DC00EB5AFE /* ViewController.swift */ = {isa = PBXFileReference; lastKnownFileType = sourcecode.swift; path = ViewController.swift; sourceTree = "<group>"; };
		520645D5256871DC00EB5AFE /* Base */ = {isa = PBXFileReference; lastKnownFileType = file.storyboard; name = Base; path = Base.lproj/Main.storyboard; sourceTree = "<group>"; };
		520645D7256871DE00EB5AFE /* Assets.xcassets */ = {isa = PBXFileReference; lastKnownFileType = folder.assetcatalog; path = Assets.xcassets; sourceTree = "<group>"; };
		520645DA256871DE00EB5AFE /* Base */ = {isa = PBXFileReference; lastKnownFileType = file.storyboard; name = Base; path = Base.lproj/LaunchScreen.storyboard; sourceTree = "<group>"; };
		520645DC256871DE00EB5AFE /* Info.plist */ = {isa = PBXFileReference; lastKnownFileType = text.plist.xml; path = Info.plist; sourceTree = "<group>"; };
		5241976E25DF8A8200A37852 /* Set+CoreDataClass.swift */ = {isa = PBXFileReference; lastKnownFileType = sourcecode.swift; path = "Set+CoreDataClass.swift"; sourceTree = "<group>"; };
		525DAE70256EF14E006C3751 /* LinkedList.swift */ = {isa = PBXFileReference; lastKnownFileType = sourcecode.swift; path = LinkedList.swift; sourceTree = "<group>"; };
		5260FECC25DCECBE0037BEFC /* Flashcard+CoreDataClass.swift */ = {isa = PBXFileReference; lastKnownFileType = sourcecode.swift; path = "Flashcard+CoreDataClass.swift"; sourceTree = "<group>"; };
		527F040F256E1BF6002AF200 /* FlashcardBrain.swift */ = {isa = PBXFileReference; lastKnownFileType = sourcecode.swift; path = FlashcardBrain.swift; sourceTree = "<group>"; };
		52A3E16725C393530099CFEC /* flashcardGestureControls.swift */ = {isa = PBXFileReference; lastKnownFileType = sourcecode.swift; path = flashcardGestureControls.swift; sourceTree = "<group>"; };
		52A3E16A25C398BD0099CFEC /* updateFlashcardViews.swift */ = {isa = PBXFileReference; lastKnownFileType = sourcecode.swift; path = updateFlashcardViews.swift; sourceTree = "<group>"; };
		52C3C69E25B8FD4700AB29DA /* CreateFlashcardController.swift */ = {isa = PBXFileReference; lastKnownFileType = sourcecode.swift; path = CreateFlashcardController.swift; sourceTree = "<group>"; };
		52C3C6A425BBFC6100AB29DA /* Flashcards.xcdatamodel */ = {isa = PBXFileReference; lastKnownFileType = wrapper.xcdatamodel; path = Flashcards.xcdatamodel; sourceTree = "<group>"; };
		52C3C6EC25BCB25C00AB29DA /* Lora-Regular.ttf */ = {isa = PBXFileReference; lastKnownFileType = file; path = "Lora-Regular.ttf"; sourceTree = "<group>"; };
		52C3C6F325BCCC4E00AB29DA /* CATransition.swift */ = {isa = PBXFileReference; lastKnownFileType = sourcecode.swift; path = CATransition.swift; sourceTree = "<group>"; };
		52C3C6F925BD3E6A00AB29DA /* UILabel.swift */ = {isa = PBXFileReference; lastKnownFileType = sourcecode.swift; path = UILabel.swift; sourceTree = "<group>"; };
/* End PBXFileReference section */

/* Begin PBXFrameworksBuildPhase section */
		520645C8256871DB00EB5AFE /* Frameworks */ = {
			isa = PBXFrameworksBuildPhase;
			buildActionMask = 2147483647;
			files = (
			);
			runOnlyForDeploymentPostprocessing = 0;
		};
/* End PBXFrameworksBuildPhase section */

/* Begin PBXGroup section */
		520645C2256871DB00EB5AFE = {
			isa = PBXGroup;
			children = (
				520645CD256871DC00EB5AFE /* Refine */,
				520645CC256871DB00EB5AFE /* Products */,
			);
			sourceTree = "<group>";
		};
		520645CC256871DB00EB5AFE /* Products */ = {
			isa = PBXGroup;
			children = (
				520645CB256871DB00EB5AFE /* Refine.app */,
			);
			name = Products;
			sourceTree = "<group>";
		};
		520645CD256871DC00EB5AFE /* Refine */ = {
			isa = PBXGroup;
			children = (
				52C3C6EC25BCB25C00AB29DA /* Lora-Regular.ttf */,
				52C3C6A325BBFC6100AB29DA /* Flashcards.xcdatamodeld */,
				520645CE256871DC00EB5AFE /* AppDelegate.swift */,
				520645D0256871DC00EB5AFE /* SceneDelegate.swift */,
				527F040E256E1BC9002AF200 /* Model */,
				527F040A256E1B77002AF200 /* View */,
				527F040B256E1B85002AF200 /* Controller */,
				520645D7256871DE00EB5AFE /* Assets.xcassets */,
				520645D9256871DE00EB5AFE /* LaunchScreen.storyboard */,
				520645DC256871DE00EB5AFE /* Info.plist */,
			);
			path = Refine;
			sourceTree = "<group>";
		};
		5241977325DF8A9700A37852 /* CoreDataTables */ = {
			isa = PBXGroup;
			children = (
				5241977725DF8AB600A37852 /* Set */,
				5241977925DF8ABE00A37852 /* Flashcard */,
			);
			path = CoreDataTables;
			sourceTree = "<group>";
		};
		5241977725DF8AB600A37852 /* Set */ = {
			isa = PBXGroup;
			children = (
				5241976E25DF8A8200A37852 /* Set+CoreDataClass.swift */,
			);
			path = Set;
			sourceTree = "<group>";
		};
		5241977925DF8ABE00A37852 /* Flashcard */ = {
			isa = PBXGroup;
			children = (
				5260FECC25DCECBE0037BEFC /* Flashcard+CoreDataClass.swift */,
			);
			path = Flashcard;
			sourceTree = "<group>";
		};
		527F040A256E1B77002AF200 /* View */ = {
			isa = PBXGroup;
			children = (
				520645D4256871DC00EB5AFE /* Main.storyboard */,
				52C3C6F325BCCC4E00AB29DA /* CATransition.swift */,
				52C3C6F925BD3E6A00AB29DA /* UILabel.swift */,
			);
			path = View;
			sourceTree = "<group>";
		};
		527F040B256E1B85002AF200 /* Controller */ = {
			isa = PBXGroup;
			children = (
				52A3E17325C3B84F0099CFEC /* ViewController */,
				52C3C69E25B8FD4700AB29DA /* CreateFlashcardController.swift */,
			);
			path = Controller;
			sourceTree = "<group>";
		};
		527F040E256E1BC9002AF200 /* Model */ = {
			isa = PBXGroup;
			children = (
				527F040F256E1BF6002AF200 /* FlashcardBrain.swift */,
				525DAE70256EF14E006C3751 /* LinkedList.swift */,
				5241977325DF8A9700A37852 /* CoreDataTables */,
			);
			path = Model;
			sourceTree = "<group>";
		};
		52A3E17325C3B84F0099CFEC /* ViewController */ = {
			isa = PBXGroup;
			children = (
				520645D2256871DC00EB5AFE /* ViewController.swift */,
				52A3E16A25C398BD0099CFEC /* updateFlashcardViews.swift */,
				52A3E16725C393530099CFEC /* flashcardGestureControls.swift */,
			);
			path = ViewController;
			sourceTree = "<group>";
		};
/* End PBXGroup section */

/* Begin PBXNativeTarget section */
		520645CA256871DB00EB5AFE /* Refine */ = {
			isa = PBXNativeTarget;
			buildConfigurationList = 520645F5256871DE00EB5AFE /* Build configuration list for PBXNativeTarget "Refine" */;
			buildPhases = (
				520645C7256871DB00EB5AFE /* Sources */,
				520645C8256871DB00EB5AFE /* Frameworks */,
				520645C9256871DB00EB5AFE /* Resources */,
			);
			buildRules = (
			);
			dependencies = (
			);
			name = Refine;
			productName = Flashcards;
			productReference = 520645CB256871DB00EB5AFE /* Refine.app */;
			productType = "com.apple.product-type.application";
		};
/* End PBXNativeTarget section */

/* Begin PBXProject section */
		520645C3256871DB00EB5AFE /* Project object */ = {
			isa = PBXProject;
			attributes = {
				LastSwiftUpdateCheck = 1210;
				LastUpgradeCheck = 1210;
				TargetAttributes = {
					520645CA256871DB00EB5AFE = {
						CreatedOnToolsVersion = 12.1;
					};
				};
			};
			buildConfigurationList = 520645C6256871DB00EB5AFE /* Build configuration list for PBXProject "Refine" */;
			compatibilityVersion = "Xcode 9.3";
			developmentRegion = en;
			hasScannedForEncodings = 0;
			knownRegions = (
				en,
				Base,
			);
			mainGroup = 520645C2256871DB00EB5AFE;
			productRefGroup = 520645CC256871DB00EB5AFE /* Products */;
			projectDirPath = "";
			projectRoot = "";
			targets = (
				520645CA256871DB00EB5AFE /* Refine */,
			);
		};
/* End PBXProject section */

/* Begin PBXResourcesBuildPhase section */
		520645C9256871DB00EB5AFE /* Resources */ = {
			isa = PBXResourcesBuildPhase;
			buildActionMask = 2147483647;
			files = (
				52C3C6ED25BCB26300AB29DA /* Lora-Regular.ttf in Resources */,
				520645DB256871DE00EB5AFE /* LaunchScreen.storyboard in Resources */,
				5226E40C25DA0E0A002102AE /* Assets.xcassets in Resources */,
				520645D6256871DC00EB5AFE /* Main.storyboard in Resources */,
			);
			runOnlyForDeploymentPostprocessing = 0;
		};
/* End PBXResourcesBuildPhase section */

/* Begin PBXSourcesBuildPhase section */
		520645C7256871DB00EB5AFE /* Sources */ = {
			isa = PBXSourcesBuildPhase;
			buildActionMask = 2147483647;
			files = (
				5260FECE25DCECBE0037BEFC /* Flashcard+CoreDataClass.swift in Sources */,
				52A3E16825C393530099CFEC /* flashcardGestureControls.swift in Sources */,
				52C3C6FA25BD3E6A00AB29DA /* UILabel.swift in Sources */,
				52A3E16B25C398BD0099CFEC /* updateFlashcardViews.swift in Sources */,
				520645D3256871DC00EB5AFE /* ViewController.swift in Sources */,
				525DAE71256EF14E006C3751 /* LinkedList.swift in Sources */,
				52C3C6A525BBFC6100AB29DA /* Flashcards.xcdatamodeld in Sources */,
				52C3C69F25B8FD4700AB29DA /* CreateFlashcardController.swift in Sources */,
				52C3C6F425BCCC4E00AB29DA /* CATransition.swift in Sources */,
				5241977025DF8A8200A37852 /* Set+CoreDataClass.swift in Sources */,
				520645CF256871DC00EB5AFE /* AppDelegate.swift in Sources */,
				520645D1256871DC00EB5AFE /* SceneDelegate.swift in Sources */,
				527F0410256E1BF6002AF200 /* FlashcardBrain.swift in Sources */,
			);
			runOnlyForDeploymentPostprocessing = 0;
		};
/* End PBXSourcesBuildPhase section */

/* Begin PBXVariantGroup section */
		520645D4256871DC00EB5AFE /* Main.storyboard */ = {
			isa = PBXVariantGroup;
			children = (
				520645D5256871DC00EB5AFE /* Base */,
			);
			name = Main.storyboard;
			sourceTree = "<group>";
		};
		520645D9256871DE00EB5AFE /* LaunchScreen.storyboard */ = {
			isa = PBXVariantGroup;
			children = (
				520645DA256871DE00EB5AFE /* Base */,
			);
			name = LaunchScreen.storyboard;
			sourceTree = "<group>";
		};
/* End PBXVariantGroup section */

/* Begin XCBuildConfiguration section */
		520645F3256871DE00EB5AFE /* Debug */ = {
			isa = XCBuildConfiguration;
			buildSettings = {
				ALWAYS_SEARCH_USER_PATHS = NO;
				CLANG_ANALYZER_NONNULL = YES;
				CLANG_ANALYZER_NUMBER_OBJECT_CONVERSION = YES_AGGRESSIVE;
				CLANG_CXX_LANGUAGE_STANDARD = "gnu++14";
				CLANG_CXX_LIBRARY = "libc++";
				CLANG_ENABLE_MODULES = YES;
				CLANG_ENABLE_OBJC_ARC = YES;
				CLANG_ENABLE_OBJC_WEAK = YES;
				CLANG_WARN_BLOCK_CAPTURE_AUTORELEASING = YES;
				CLANG_WARN_BOOL_CONVERSION = YES;
				CLANG_WARN_COMMA = YES;
				CLANG_WARN_CONSTANT_CONVERSION = YES;
				CLANG_WARN_DEPRECATED_OBJC_IMPLEMENTATIONS = YES;
				CLANG_WARN_DIRECT_OBJC_ISA_USAGE = YES_ERROR;
				CLANG_WARN_DOCUMENTATION_COMMENTS = YES;
				CLANG_WARN_EMPTY_BODY = YES;
				CLANG_WARN_ENUM_CONVERSION = YES;
				CLANG_WARN_INFINITE_RECURSION = YES;
				CLANG_WARN_INT_CONVERSION = YES;
				CLANG_WARN_NON_LITERAL_NULL_CONVERSION = YES;
				CLANG_WARN_OBJC_IMPLICIT_RETAIN_SELF = YES;
				CLANG_WARN_OBJC_LITERAL_CONVERSION = YES;
				CLANG_WARN_OBJC_ROOT_CLASS = YES_ERROR;
				CLANG_WARN_QUOTED_INCLUDE_IN_FRAMEWORK_HEADER = YES;
				CLANG_WARN_RANGE_LOOP_ANALYSIS = YES;
				CLANG_WARN_STRICT_PROTOTYPES = YES;
				CLANG_WARN_SUSPICIOUS_MOVE = YES;
				CLANG_WARN_UNGUARDED_AVAILABILITY = YES_AGGRESSIVE;
				CLANG_WARN_UNREACHABLE_CODE = YES;
				CLANG_WARN__DUPLICATE_METHOD_MATCH = YES;
				COPY_PHASE_STRIP = NO;
				DEBUG_INFORMATION_FORMAT = dwarf;
				ENABLE_STRICT_OBJC_MSGSEND = YES;
				ENABLE_TESTABILITY = YES;
				GCC_C_LANGUAGE_STANDARD = gnu11;
				GCC_DYNAMIC_NO_PIC = NO;
				GCC_NO_COMMON_BLOCKS = YES;
				GCC_OPTIMIZATION_LEVEL = 0;
				GCC_PREPROCESSOR_DEFINITIONS = (
					"DEBUG=1",
					"$(inherited)",
				);
				GCC_WARN_64_TO_32_BIT_CONVERSION = YES;
				GCC_WARN_ABOUT_RETURN_TYPE = YES_ERROR;
				GCC_WARN_UNDECLARED_SELECTOR = YES;
				GCC_WARN_UNINITIALIZED_AUTOS = YES_AGGRESSIVE;
				GCC_WARN_UNUSED_FUNCTION = YES;
				GCC_WARN_UNUSED_VARIABLE = YES;
				IPHONEOS_DEPLOYMENT_TARGET = 14.3;
				MTL_ENABLE_DEBUG_INFO = INCLUDE_SOURCE;
				MTL_FAST_MATH = YES;
				ONLY_ACTIVE_ARCH = YES;
				SDKROOT = iphoneos;
				SWIFT_ACTIVE_COMPILATION_CONDITIONS = DEBUG;
				SWIFT_OPTIMIZATION_LEVEL = "-Onone";
			};
			name = Debug;
		};
		520645F4256871DE00EB5AFE /* Release */ = {
			isa = XCBuildConfiguration;
			buildSettings = {
				ALWAYS_SEARCH_USER_PATHS = NO;
				CLANG_ANALYZER_NONNULL = YES;
				CLANG_ANALYZER_NUMBER_OBJECT_CONVERSION = YES_AGGRESSIVE;
				CLANG_CXX_LANGUAGE_STANDARD = "gnu++14";
				CLANG_CXX_LIBRARY = "libc++";
				CLANG_ENABLE_MODULES = YES;
				CLANG_ENABLE_OBJC_ARC = YES;
				CLANG_ENABLE_OBJC_WEAK = YES;
				CLANG_WARN_BLOCK_CAPTURE_AUTORELEASING = YES;
				CLANG_WARN_BOOL_CONVERSION = YES;
				CLANG_WARN_COMMA = YES;
				CLANG_WARN_CONSTANT_CONVERSION = YES;
				CLANG_WARN_DEPRECATED_OBJC_IMPLEMENTATIONS = YES;
				CLANG_WARN_DIRECT_OBJC_ISA_USAGE = YES_ERROR;
				CLANG_WARN_DOCUMENTATION_COMMENTS = YES;
				CLANG_WARN_EMPTY_BODY = YES;
				CLANG_WARN_ENUM_CONVERSION = YES;
				CLANG_WARN_INFINITE_RECURSION = YES;
				CLANG_WARN_INT_CONVERSION = YES;
				CLANG_WARN_NON_LITERAL_NULL_CONVERSION = YES;
				CLANG_WARN_OBJC_IMPLICIT_RETAIN_SELF = YES;
				CLANG_WARN_OBJC_LITERAL_CONVERSION = YES;
				CLANG_WARN_OBJC_ROOT_CLASS = YES_ERROR;
				CLANG_WARN_QUOTED_INCLUDE_IN_FRAMEWORK_HEADER = YES;
				CLANG_WARN_RANGE_LOOP_ANALYSIS = YES;
				CLANG_WARN_STRICT_PROTOTYPES = YES;
				CLANG_WARN_SUSPICIOUS_MOVE = YES;
				CLANG_WARN_UNGUARDED_AVAILABILITY = YES_AGGRESSIVE;
				CLANG_WARN_UNREACHABLE_CODE = YES;
				CLANG_WARN__DUPLICATE_METHOD_MATCH = YES;
				COPY_PHASE_STRIP = NO;
				DEBUG_INFORMATION_FORMAT = "dwarf-with-dsym";
				ENABLE_NS_ASSERTIONS = NO;
				ENABLE_STRICT_OBJC_MSGSEND = YES;
				GCC_C_LANGUAGE_STANDARD = gnu11;
				GCC_NO_COMMON_BLOCKS = YES;
				GCC_WARN_64_TO_32_BIT_CONVERSION = YES;
				GCC_WARN_ABOUT_RETURN_TYPE = YES_ERROR;
				GCC_WARN_UNDECLARED_SELECTOR = YES;
				GCC_WARN_UNINITIALIZED_AUTOS = YES_AGGRESSIVE;
				GCC_WARN_UNUSED_FUNCTION = YES;
				GCC_WARN_UNUSED_VARIABLE = YES;
				IPHONEOS_DEPLOYMENT_TARGET = 14.3;
				MTL_ENABLE_DEBUG_INFO = NO;
				MTL_FAST_MATH = YES;
				SDKROOT = iphoneos;
				SWIFT_COMPILATION_MODE = wholemodule;
				SWIFT_OPTIMIZATION_LEVEL = "-O";
				VALIDATE_PRODUCT = YES;
			};
			name = Release;
		};
		520645F6256871DE00EB5AFE /* Debug */ = {
			isa = XCBuildConfiguration;
			buildSettings = {
				ASSETCATALOG_COMPILER_APPICON_NAME = AppIcon;
				ASSETCATALOG_COMPILER_GLOBAL_ACCENT_COLOR_NAME = AccentColor;
				CODE_SIGN_STYLE = Automatic;
				DEVELOPMENT_TEAM = 47P36FRVFR;
				INFOPLIST_FILE = Refine/Info.plist;
				LD_RUNPATH_SEARCH_PATHS = (
					"$(inherited)",
					"@executable_path/Frameworks",
				);
				PRODUCT_BUNDLE_IDENTIFIER = com.johnsungunkim.Refine;
				PRODUCT_NAME = "$(TARGET_NAME)";
				SWIFT_VERSION = 5.0;
				TARGETED_DEVICE_FAMILY = "1,2";
			};
			name = Debug;
		};
		520645F7256871DE00EB5AFE /* Release */ = {
			isa = XCBuildConfiguration;
			buildSettings = {
				ASSETCATALOG_COMPILER_APPICON_NAME = AppIcon;
				ASSETCATALOG_COMPILER_GLOBAL_ACCENT_COLOR_NAME = AccentColor;
				CODE_SIGN_STYLE = Automatic;
				DEVELOPMENT_TEAM = 47P36FRVFR;
				INFOPLIST_FILE = Refine/Info.plist;
				LD_RUNPATH_SEARCH_PATHS = (
					"$(inherited)",
					"@executable_path/Frameworks",
				);
				PRODUCT_BUNDLE_IDENTIFIER = com.johnsungunkim.Refine;
				PRODUCT_NAME = "$(TARGET_NAME)";
				SWIFT_VERSION = 5.0;
				TARGETED_DEVICE_FAMILY = "1,2";
			};
			name = Release;
		};
/* End XCBuildConfiguration section */

/* Begin XCConfigurationList section */
		520645C6256871DB00EB5AFE /* Build configuration list for PBXProject "Refine" */ = {
			isa = XCConfigurationList;
			buildConfigurations = (
				520645F3256871DE00EB5AFE /* Debug */,
				520645F4256871DE00EB5AFE /* Release */,
			);
			defaultConfigurationIsVisible = 0;
			defaultConfigurationName = Release;
		};
		520645F5256871DE00EB5AFE /* Build configuration list for PBXNativeTarget "Refine" */ = {
			isa = XCConfigurationList;
			buildConfigurations = (
				520645F6256871DE00EB5AFE /* Debug */,
				520645F7256871DE00EB5AFE /* Release */,
			);
			defaultConfigurationIsVisible = 0;
			defaultConfigurationName = Release;
		};
/* End XCConfigurationList section */

/* Begin XCVersionGroup section */
		52C3C6A325BBFC6100AB29DA /* Flashcards.xcdatamodeld */ = {
			isa = XCVersionGroup;
			children = (
				52C3C6A425BBFC6100AB29DA /* Flashcards.xcdatamodel */,
			);
			currentVersion = 52C3C6A425BBFC6100AB29DA /* Flashcards.xcdatamodel */;
			path = Flashcards.xcdatamodeld;
			sourceTree = "<group>";
			versionGroupType = wrapper.xcdatamodel;
		};
/* End XCVersionGroup section */
	};
	rootObject = 520645C3256871DB00EB5AFE /* Project object */;
}
